
Microsoft Visual Studio Solution File, Format Version 12.00
Project("{FAE04EC0-301F-11D3-BF4B-00C04F79EFBC}") = "OOP.FieldAndConstant", "OOP.FieldAndConstant\OOP.FieldAndConstant.csproj", "{AD54E873-FB9F-4C6E-BC54-1FED9DC0BB7D}"
EndProject
Project("{FAE04EC0-301F-11D3-BF4B-00C04F79EFBC}") = "OPP.PrintClass", "OPP.PrintClass\OPP.PrintClass.csproj", "{78D1C728-4FAD-4796-A040-9151282EDF48}"
EndProject
Project("{FAE04EC0-301F-11D3-BF4B-00C04F79EFBC}") = "OOP.Constructor", "OOP.Constructor\OOP.Constructor.csproj", "{BDE4151A-E973-4199-87B1-A159438FCB4A}"
EndProject
Project("{FAE04EC0-301F-11D3-BF4B-00C04F79EFBC}") = "OOP.Properties", "OOP.Properties\OOP.Properties.csproj", "{02EC54B4-75E0-4E29-B89D-C394684C01F1}"
EndProject
Project("{FAE04EC0-301F-11D3-BF4B-00C04F79EFBC}") = "OOP.Indexers", "OOP.Indexers\OOP.Indexers.csproj", "{48F3BE1E-BB63-4661-99D4-FF893141E6F4}"
EndProject
Project("{FAE04EC0-301F-11D3-BF4B-00C04F79EFBC}") = "OOP.Delegate", "OOP.Delegate\OOP.Delegate.csproj", "{36A1FE9D-5827-4F9A-B476-A8FA8FE62D4E}"
EndProject
Global
	GlobalSection(SolutionConfigurationPlatforms) = preSolution
		Debug|Any CPU = Debug|Any CPU
		Release|Any CPU = Release|Any CPU
	EndGlobalSection
	GlobalSection(ProjectConfigurationPlatforms) = postSolution
		{AD54E873-FB9F-4C6E-BC54-1FED9DC0BB7D}.Debug|Any CPU.ActiveCfg = Debug|Any CPU
		{AD54E873-FB9F-4C6E-BC54-1FED9DC0BB7D}.Debug|Any CPU.Build.0 = Debug|Any CPU
		{AD54E873-FB9F-4C6E-BC54-1FED9DC0BB7D}.Release|Any CPU.ActiveCfg = Release|Any CPU
		{AD54E873-FB9F-4C6E-BC54-1FED9DC0BB7D}.Release|Any CPU.Build.0 = Release|Any CPU
		{78D1C728-4FAD-4796-A040-9151282EDF48}.Debug|Any CPU.ActiveCfg = Debug|Any CPU
		{78D1C728-4FAD-4796-A040-9151282EDF48}.Debug|Any CPU.Build.0 = Debug|Any CPU
		{78D1C728-4FAD-4796-A040-9151282EDF48}.Release|Any CPU.ActiveCfg = Release|Any CPU
		{78D1C728-4FAD-4796-A040-9151282EDF48}.Release|Any CPU.Build.0 = Release|Any CPU
		{BDE4151A-E973-4199-87B1-A159438FCB4A}.Debug|Any CPU.ActiveCfg = Debug|Any CPU
		{BDE4151A-E973-4199-87B1-A159438FCB4A}.Debug|Any CPU.Build.0 = Debug|Any CPU
		{BDE4151A-E973-4199-87B1-A159438FCB4A}.Release|Any CPU.ActiveCfg = Release|Any CPU
		{BDE4151A-E973-4199-87B1-A159438FCB4A}.Release|Any CPU.Build.0 = Release|Any CPU
		{02EC54B4-75E0-4E29-B89D-C394684C01F1}.Debug|Any CPU.ActiveCfg = Debug|Any CPU
		{02EC54B4-75E0-4E29-B89D-C394684C01F1}.Debug|Any CPU.Build.0 = Debug|Any CPU
		{02EC54B4-75E0-4E29-B89D-C394684C01F1}.Release|Any CPU.ActiveCfg = Release|Any CPU
		{02EC54B4-75E0-4E29-B89D-C394684C01F1}.Release|Any CPU.Build.0 = Release|Any CPU
		{48F3BE1E-BB63-4661-99D4-FF893141E6F4}.Debug|Any CPU.ActiveCfg = Debug|Any CPU
		{48F3BE1E-BB63-4661-99D4-FF893141E6F4}.Debug|Any CPU.Build.0 = Debug|Any CPU
		{48F3BE1E-BB63-4661-99D4-FF893141E6F4}.Release|Any CPU.ActiveCfg = Release|Any CPU
		{48F3BE1E-BB63-4661-99D4-FF893141E6F4}.Release|Any CPU.Build.0 = Release|Any CPU
		{36A1FE9D-5827-4F9A-B476-A8FA8FE62D4E}.Debug|Any CPU.ActiveCfg = Debug|Any CPU
		{36A1FE9D-5827-4F9A-B476-A8FA8FE62D4E}.Debug|Any CPU.Build.0 = Debug|Any CPU
		{36A1FE9D-5827-4F9A-B476-A8FA8FE62D4E}.Release|Any CPU.ActiveCfg = Release|Any CPU
		{36A1FE9D-5827-4F9A-B476-A8FA8FE62D4E}.Release|Any CPU.Build.0 = Release|Any CPU
	EndGlobalSection
EndGlobal
