
Microsoft Visual Studio Solution File, Format Version 12.00
Project("{FAE04EC0-301F-11D3-BF4B-00C04F79EFBC}") = "OOP.FieldAndConstant", "OOP.FieldAndConstant\OOP.FieldAndConstant.csproj", "{AD54E873-FB9F-4C6E-BC54-1FED9DC0BB7D}"
EndProject
Project("{FAE04EC0-301F-11D3-BF4B-00C04F79EFBC}") = "OPP.PrintClass", "OPP.PrintClass\OPP.PrintClass.csproj", "{78D1C728-4FAD-4796-A040-9151282EDF48}"
EndProject
Project("{FAE04EC0-301F-11D3-BF4B-00C04F79EFBC}") = "OOP.Constructor", "OOP.Constructor\OOP.Constructor.csproj", "{BDE4151A-E973-4199-87B1-A159438FCB4A}"
EndProject
Project("{FAE04EC0-301F-11D3-BF4B-00C04F79EFBC}") = "OOP.Properties", "OOP.Properties\OOP.Properties.csproj", "{02EC54B4-75E0-4E29-B89D-C394684C01F1}"
EndProject
Project("{FAE04EC0-301F-11D3-BF4B-00C04F79EFBC}") = "OOP.Indexers", "OOP.Indexers\OOP.Indexers.csproj", "{48F3BE1E-BB63-4661-99D4-FF893141E6F4}"
EndProject
Project("{FAE04EC0-301F-11D3-BF4B-00C04F79EFBC}") = "OOP.Delegate", "OOP.Delegate\OOP.Delegate.csproj", "{36A1FE9D-5827-4F9A-B476-A8FA8FE62D4E}"
EndProject
Project("{FAE04EC0-301F-11D3-BF4B-00C04F79EFBC}") = "OOP.Events", "OOP.Events\OOP.Events.csproj", "{847F5A17-D656-4F30-9405-F4F4D03877EA}"
EndProject
Project("{FAE04EC0-301F-11D3-BF4B-00C04F79EFBC}") = "OOP.OperatorOverloading", "OOP.OperatorOverloading\OOP.OperatorOverloading.csproj", "{0C274382-13D2-4069-B7E5-2572ADEDB5B3}"
EndProject
Project("{FAE04EC0-301F-11D3-BF4B-00C04F79EFBC}") = "OOP.NestedTypes", "OOP.NestedTypes\OOP.NestedTypes.csproj", "{A154BC69-5D3E-474E-9785-5329406E5401}"
EndProject
Project("{FAE04EC0-301F-11D3-BF4B-00C04F79EFBC}") = "OOP.Struct", "OOP.Struct\OOP.Struct.csproj", "{AF9A8E31-8B94-4053-BC1D-AC8A81773136}"
EndProject
Project("{FAE04EC0-301F-11D3-BF4B-00C04F79EFBC}") = "OOP.Enum", "OOP.Enum\OOP.Enum.csproj", "{EA5C434F-BA68-4FD8-A4F0-07164D5F607D}"
EndProject
Project("{FAE04EC0-301F-11D3-BF4B-00C04F79EFBC}") = "OOP.Inheritance", "OOP.Inheritance\OOP.Inheritance.csproj", "{173B140D-DDEC-4DB2-860A-DE6AA187C434}"
EndProject
Project("{FAE04EC0-301F-11D3-BF4B-00C04F79EFBC}") = "OOP.InheritanceProject", "OOP.InheritanceProject\OOP.InheritanceProject.csproj", "{166AC012-7F69-4FF5-967C-620424CF65E6}"
EndProject
Global
	GlobalSection(SolutionConfigurationPlatforms) = preSolution
		Debug|Any CPU = Debug|Any CPU
		Release|Any CPU = Release|Any CPU
	EndGlobalSection
	GlobalSection(ProjectConfigurationPlatforms) = postSolution
		{AD54E873-FB9F-4C6E-BC54-1FED9DC0BB7D}.Debug|Any CPU.ActiveCfg = Debug|Any CPU
		{AD54E873-FB9F-4C6E-BC54-1FED9DC0BB7D}.Debug|Any CPU.Build.0 = Debug|Any CPU
		{AD54E873-FB9F-4C6E-BC54-1FED9DC0BB7D}.Release|Any CPU.ActiveCfg = Release|Any CPU
		{AD54E873-FB9F-4C6E-BC54-1FED9DC0BB7D}.Release|Any CPU.Build.0 = Release|Any CPU
		{78D1C728-4FAD-4796-A040-9151282EDF48}.Debug|Any CPU.ActiveCfg = Debug|Any CPU
		{78D1C728-4FAD-4796-A040-9151282EDF48}.Debug|Any CPU.Build.0 = Debug|Any CPU
		{78D1C728-4FAD-4796-A040-9151282EDF48}.Release|Any CPU.ActiveCfg = Release|Any CPU
		{78D1C728-4FAD-4796-A040-9151282EDF48}.Release|Any CPU.Build.0 = Release|Any CPU
		{BDE4151A-E973-4199-87B1-A159438FCB4A}.Debug|Any CPU.ActiveCfg = Debug|Any CPU
		{BDE4151A-E973-4199-87B1-A159438FCB4A}.Debug|Any CPU.Build.0 = Debug|Any CPU
		{BDE4151A-E973-4199-87B1-A159438FCB4A}.Release|Any CPU.ActiveCfg = Release|Any CPU
		{BDE4151A-E973-4199-87B1-A159438FCB4A}.Release|Any CPU.Build.0 = Release|Any CPU
		{02EC54B4-75E0-4E29-B89D-C394684C01F1}.Debug|Any CPU.ActiveCfg = Debug|Any CPU
		{02EC54B4-75E0-4E29-B89D-C394684C01F1}.Debug|Any CPU.Build.0 = Debug|Any CPU
		{02EC54B4-75E0-4E29-B89D-C394684C01F1}.Release|Any CPU.ActiveCfg = Release|Any CPU
		{02EC54B4-75E0-4E29-B89D-C394684C01F1}.Release|Any CPU.Build.0 = Release|Any CPU
		{48F3BE1E-BB63-4661-99D4-FF893141E6F4}.Debug|Any CPU.ActiveCfg = Debug|Any CPU
		{48F3BE1E-BB63-4661-99D4-FF893141E6F4}.Debug|Any CPU.Build.0 = Debug|Any CPU
		{48F3BE1E-BB63-4661-99D4-FF893141E6F4}.Release|Any CPU.ActiveCfg = Release|Any CPU
		{48F3BE1E-BB63-4661-99D4-FF893141E6F4}.Release|Any CPU.Build.0 = Release|Any CPU
		{36A1FE9D-5827-4F9A-B476-A8FA8FE62D4E}.Debug|Any CPU.ActiveCfg = Debug|Any CPU
		{36A1FE9D-5827-4F9A-B476-A8FA8FE62D4E}.Debug|Any CPU.Build.0 = Debug|Any CPU
		{36A1FE9D-5827-4F9A-B476-A8FA8FE62D4E}.Release|Any CPU.ActiveCfg = Release|Any CPU
		{36A1FE9D-5827-4F9A-B476-A8FA8FE62D4E}.Release|Any CPU.Build.0 = Release|Any CPU
		{847F5A17-D656-4F30-9405-F4F4D03877EA}.Debug|Any CPU.ActiveCfg = Debug|Any CPU
		{847F5A17-D656-4F30-9405-F4F4D03877EA}.Debug|Any CPU.Build.0 = Debug|Any CPU
		{847F5A17-D656-4F30-9405-F4F4D03877EA}.Release|Any CPU.ActiveCfg = Release|Any CPU
		{847F5A17-D656-4F30-9405-F4F4D03877EA}.Release|Any CPU.Build.0 = Release|Any CPU
		{0C274382-13D2-4069-B7E5-2572ADEDB5B3}.Debug|Any CPU.ActiveCfg = Debug|Any CPU
		{0C274382-13D2-4069-B7E5-2572ADEDB5B3}.Debug|Any CPU.Build.0 = Debug|Any CPU
		{0C274382-13D2-4069-B7E5-2572ADEDB5B3}.Release|Any CPU.ActiveCfg = Release|Any CPU
		{0C274382-13D2-4069-B7E5-2572ADEDB5B3}.Release|Any CPU.Build.0 = Release|Any CPU
		{A154BC69-5D3E-474E-9785-5329406E5401}.Debug|Any CPU.ActiveCfg = Debug|Any CPU
		{A154BC69-5D3E-474E-9785-5329406E5401}.Debug|Any CPU.Build.0 = Debug|Any CPU
		{A154BC69-5D3E-474E-9785-5329406E5401}.Release|Any CPU.ActiveCfg = Release|Any CPU
		{A154BC69-5D3E-474E-9785-5329406E5401}.Release|Any CPU.Build.0 = Release|Any CPU
		{AF9A8E31-8B94-4053-BC1D-AC8A81773136}.Debug|Any CPU.ActiveCfg = Debug|Any CPU
		{AF9A8E31-8B94-4053-BC1D-AC8A81773136}.Debug|Any CPU.Build.0 = Debug|Any CPU
		{AF9A8E31-8B94-4053-BC1D-AC8A81773136}.Release|Any CPU.ActiveCfg = Release|Any CPU
		{AF9A8E31-8B94-4053-BC1D-AC8A81773136}.Release|Any CPU.Build.0 = Release|Any CPU
		{EA5C434F-BA68-4FD8-A4F0-07164D5F607D}.Debug|Any CPU.ActiveCfg = Debug|Any CPU
		{EA5C434F-BA68-4FD8-A4F0-07164D5F607D}.Debug|Any CPU.Build.0 = Debug|Any CPU
		{EA5C434F-BA68-4FD8-A4F0-07164D5F607D}.Release|Any CPU.ActiveCfg = Release|Any CPU
		{EA5C434F-BA68-4FD8-A4F0-07164D5F607D}.Release|Any CPU.Build.0 = Release|Any CPU
		{173B140D-DDEC-4DB2-860A-DE6AA187C434}.Debug|Any CPU.ActiveCfg = Debug|Any CPU
		{173B140D-DDEC-4DB2-860A-DE6AA187C434}.Debug|Any CPU.Build.0 = Debug|Any CPU
		{173B140D-DDEC-4DB2-860A-DE6AA187C434}.Release|Any CPU.ActiveCfg = Release|Any CPU
		{173B140D-DDEC-4DB2-860A-DE6AA187C434}.Release|Any CPU.Build.0 = Release|Any CPU
		{166AC012-7F69-4FF5-967C-620424CF65E6}.Debug|Any CPU.ActiveCfg = Debug|Any CPU
		{166AC012-7F69-4FF5-967C-620424CF65E6}.Debug|Any CPU.Build.0 = Debug|Any CPU
		{166AC012-7F69-4FF5-967C-620424CF65E6}.Release|Any CPU.ActiveCfg = Release|Any CPU
		{166AC012-7F69-4FF5-967C-620424CF65E6}.Release|Any CPU.Build.0 = Release|Any CPU
	EndGlobalSection
EndGlobal
